PODS:
  - Alamofire (5.0.0-rc.3)
  - KeychainSwift (17.0.0)
  - SDWebImage (5.4.2):
    - SDWebImage/Core (= 5.4.2)
  - SDWebImage/Core (5.4.2)

DEPENDENCIES:
  - Alamofire (~> 5.0.0-rc.3)
  - KeychainSwift (~> 17.0)
  - SDWebImage (~> 5.0)

SPEC REPOS:
  trunk:
    - Alamofire
    - KeychainSwift
    - SDWebImage

SPEC CHECKSUMS:
  Alamofire: ca8c0de6906873be89d6deec5c8de279e00bf872
  KeychainSwift: 9f43f562dffc88af6efadb57d74b14c598eb337f
  SDWebImage: 4ca2dc4eefae4224bea8f504251cda485a363745

PODFILE CHECKSUM: f08972018ebc538155222c5513ab77c2d3453e56

COCOAPODS: 1.8.4
